
Microsoft Visual Studio Solution File, Format Version 12.00
# Visual Studio 14
VisualStudioVersion = 14.0.23107.0
MinimumVisualStudioVersion = 10.0.40219.1
Project("{FAE04EC0-301F-11D3-BF4B-00C04F79EFBC}") = "KeePassWin", "src\KeePassWin\KeePassWin.csproj", "{93DD586A-6017-49BA-B625-BF56F498F623}"
EndProject
Project("{2150E333-8FDC-42A3-9474-1A3956D46DE8}") = "src", "src", "{C9A735DA-364C-41C7-A5DF-74A462178261}"
EndProject
Project("{FAE04EC0-301F-11D3-BF4B-00C04F79EFBC}") = "KeePass.Models", "src\KeePass.Models\KeePass.Models.csproj", "{B4D06DD3-1980-4F4E-9867-4E1625F8F14F}"
EndProject
Global
	GlobalSection(SolutionConfigurationPlatforms) = preSolution
		Debug|Any CPU = Debug|Any CPU
		Debug|ARM = Debug|ARM
		Debug|x64 = Debug|x64
		Debug|x86 = Debug|x86
		Release|Any CPU = Release|Any CPU
		Release|ARM = Release|ARM
		Release|x64 = Release|x64
		Release|x86 = Release|x86
	EndGlobalSection
	GlobalSection(ProjectConfigurationPlatforms) = postSolution
		{93DD586A-6017-49BA-B625-BF56F498F623}.Debug|Any CPU.ActiveCfg = Debug|x86
		{93DD586A-6017-49BA-B625-BF56F498F623}.Debug|ARM.ActiveCfg = Debug|ARM
		{93DD586A-6017-49BA-B625-BF56F498F623}.Debug|ARM.Build.0 = Debug|ARM
		{93DD586A-6017-49BA-B625-BF56F498F623}.Debug|ARM.Deploy.0 = Debug|ARM
		{93DD586A-6017-49BA-B625-BF56F498F623}.Debug|x64.ActiveCfg = Debug|x64
		{93DD586A-6017-49BA-B625-BF56F498F623}.Debug|x64.Build.0 = Debug|x64
		{93DD586A-6017-49BA-B625-BF56F498F623}.Debug|x64.Deploy.0 = Debug|x64
		{93DD586A-6017-49BA-B625-BF56F498F623}.Debug|x86.ActiveCfg = Debug|x86
		{93DD586A-6017-49BA-B625-BF56F498F623}.Debug|x86.Build.0 = Debug|x86
		{93DD586A-6017-49BA-B625-BF56F498F623}.Debug|x86.Deploy.0 = Debug|x86
		{93DD586A-6017-49BA-B625-BF56F498F623}.Release|Any CPU.ActiveCfg = Release|x86
		{93DD586A-6017-49BA-B625-BF56F498F623}.Release|ARM.ActiveCfg = Release|ARM
		{93DD586A-6017-49BA-B625-BF56F498F623}.Release|ARM.Build.0 = Release|ARM
		{93DD586A-6017-49BA-B625-BF56F498F623}.Release|ARM.Deploy.0 = Release|ARM
		{93DD586A-6017-49BA-B625-BF56F498F623}.Release|x64.ActiveCfg = Release|x64
		{93DD586A-6017-49BA-B625-BF56F498F623}.Release|x64.Build.0 = Release|x64
		{93DD586A-6017-49BA-B625-BF56F498F623}.Release|x64.Deploy.0 = Release|x64
		{93DD586A-6017-49BA-B625-BF56F498F623}.Release|x86.ActiveCfg = Release|x86
		{93DD586A-6017-49BA-B625-BF56F498F623}.Release|x86.Build.0 = Release|x86
		{93DD586A-6017-49BA-B625-BF56F498F623}.Release|x86.Deploy.0 = Release|x86
		{B4D06DD3-1980-4F4E-9867-4E1625F8F14F}.Debug|Any CPU.ActiveCfg = Debug|Any CPU
		{B4D06DD3-1980-4F4E-9867-4E1625F8F14F}.Debug|Any CPU.Build.0 = Debug|Any CPU
		{B4D06DD3-1980-4F4E-9867-4E1625F8F14F}.Debug|ARM.ActiveCfg = Debug|ARM
		{B4D06DD3-1980-4F4E-9867-4E1625F8F14F}.Debug|ARM.Build.0 = Debug|ARM
		{B4D06DD3-1980-4F4E-9867-4E1625F8F14F}.Debug|x64.ActiveCfg = Debug|x64
		{B4D06DD3-1980-4F4E-9867-4E1625F8F14F}.Debug|x64.Build.0 = Debug|x64
		{B4D06DD3-1980-4F4E-9867-4E1625F8F14F}.Debug|x86.ActiveCfg = Debug|x86
		{B4D06DD3-1980-4F4E-9867-4E1625F8F14F}.Debug|x86.Build.0 = Debug|x86
		{B4D06DD3-1980-4F4E-9867-4E1625F8F14F}.Release|Any CPU.ActiveCfg = Release|Any CPU
		{B4D06DD3-1980-4F4E-9867-4E1625F8F14F}.Release|Any CPU.Build.0 = Release|Any CPU
		{B4D06DD3-1980-4F4E-9867-4E1625F8F14F}.Release|ARM.ActiveCfg = Release|ARM
		{B4D06DD3-1980-4F4E-9867-4E1625F8F14F}.Release|ARM.Build.0 = Release|ARM
		{B4D06DD3-1980-4F4E-9867-4E1625F8F14F}.Release|x64.ActiveCfg = Release|x64
		{B4D06DD3-1980-4F4E-9867-4E1625F8F14F}.Release|x64.Build.0 = Release|x64
		{B4D06DD3-1980-4F4E-9867-4E1625F8F14F}.Release|x86.ActiveCfg = Release|x86
		{B4D06DD3-1980-4F4E-9867-4E1625F8F14F}.Release|x86.Build.0 = Release|x86
	EndGlobalSection
	GlobalSection(SolutionProperties) = preSolution
		HideSolutionNode = FALSE
	EndGlobalSection
	GlobalSection(NestedProjects) = preSolution
		{93DD586A-6017-49BA-B625-BF56F498F623} = {C9A735DA-364C-41C7-A5DF-74A462178261}
		{B4D06DD3-1980-4F4E-9867-4E1625F8F14F} = {C9A735DA-364C-41C7-A5DF-74A462178261}
	EndGlobalSection
EndGlobal
