
Microsoft Visual Studio Solution File, Format Version 12.00
# Visual Studio 14
VisualStudioVersion = 14.0.25123.0
MinimumVisualStudioVersion = 10.0.40219.1
Project("{FAE04EC0-301F-11D3-BF4B-00C04F79EFBC}") = "KeePassWin", "src\KeePassWin\KeePassWin.csproj", "{6A6ABD82-C76B-4392-95B2-95EB64F628FD}"
EndProject
Project("{2150E333-8FDC-42A3-9474-1A3956D46DE8}") = "src", "src", "{C9A735DA-364C-41C7-A5DF-74A462178261}"
EndProject
Project("{FAE04EC0-301F-11D3-BF4B-00C04F79EFBC}") = "KeePass.IO", "src\KeePass.IO\KeePass.IO.csproj", "{F515083E-9B92-4857-9A49-7933DD9C2804}"
EndProject
Project("{FAE04EC0-301F-11D3-BF4B-00C04F79EFBC}") = "KeePassLib", "src\KeePassLib\KeePassLib.csproj", "{B4D06DD3-1980-4F4E-9867-4E1625F8F14F}"
EndProject
Global
	GlobalSection(SolutionConfigurationPlatforms) = preSolution
		Debug|Any CPU = Debug|Any CPU
		Debug|ARM = Debug|ARM
		Debug|x64 = Debug|x64
		Debug|x86 = Debug|x86
		Release|Any CPU = Release|Any CPU
		Release|ARM = Release|ARM
		Release|x64 = Release|x64
		Release|x86 = Release|x86
	EndGlobalSection
	GlobalSection(ProjectConfigurationPlatforms) = postSolution
		{6A6ABD82-C76B-4392-95B2-95EB64F628FD}.Debug|Any CPU.ActiveCfg = Debug|x86
		{6A6ABD82-C76B-4392-95B2-95EB64F628FD}.Debug|ARM.ActiveCfg = Debug|ARM
		{6A6ABD82-C76B-4392-95B2-95EB64F628FD}.Debug|ARM.Build.0 = Debug|ARM
		{6A6ABD82-C76B-4392-95B2-95EB64F628FD}.Debug|ARM.Deploy.0 = Debug|ARM
		{6A6ABD82-C76B-4392-95B2-95EB64F628FD}.Debug|x64.ActiveCfg = Debug|x64
		{6A6ABD82-C76B-4392-95B2-95EB64F628FD}.Debug|x64.Build.0 = Debug|x64
		{6A6ABD82-C76B-4392-95B2-95EB64F628FD}.Debug|x64.Deploy.0 = Debug|x64
		{6A6ABD82-C76B-4392-95B2-95EB64F628FD}.Debug|x86.ActiveCfg = Debug|x86
		{6A6ABD82-C76B-4392-95B2-95EB64F628FD}.Debug|x86.Build.0 = Debug|x86
		{6A6ABD82-C76B-4392-95B2-95EB64F628FD}.Debug|x86.Deploy.0 = Debug|x86
		{6A6ABD82-C76B-4392-95B2-95EB64F628FD}.Release|Any CPU.ActiveCfg = Release|x86
		{6A6ABD82-C76B-4392-95B2-95EB64F628FD}.Release|ARM.ActiveCfg = Release|ARM
		{6A6ABD82-C76B-4392-95B2-95EB64F628FD}.Release|ARM.Build.0 = Release|ARM
		{6A6ABD82-C76B-4392-95B2-95EB64F628FD}.Release|ARM.Deploy.0 = Release|ARM
		{6A6ABD82-C76B-4392-95B2-95EB64F628FD}.Release|x64.ActiveCfg = Release|x64
		{6A6ABD82-C76B-4392-95B2-95EB64F628FD}.Release|x64.Build.0 = Release|x64
		{6A6ABD82-C76B-4392-95B2-95EB64F628FD}.Release|x64.Deploy.0 = Release|x64
		{6A6ABD82-C76B-4392-95B2-95EB64F628FD}.Release|x86.ActiveCfg = Release|x86
		{6A6ABD82-C76B-4392-95B2-95EB64F628FD}.Release|x86.Build.0 = Release|x86
		{6A6ABD82-C76B-4392-95B2-95EB64F628FD}.Release|x86.Deploy.0 = Release|x86
		{F515083E-9B92-4857-9A49-7933DD9C2804}.Debug|Any CPU.ActiveCfg = Debug|Any CPU
		{F515083E-9B92-4857-9A49-7933DD9C2804}.Debug|Any CPU.Build.0 = Debug|Any CPU
		{F515083E-9B92-4857-9A49-7933DD9C2804}.Debug|ARM.ActiveCfg = Debug|ARM
		{F515083E-9B92-4857-9A49-7933DD9C2804}.Debug|ARM.Build.0 = Debug|ARM
		{F515083E-9B92-4857-9A49-7933DD9C2804}.Debug|x64.ActiveCfg = Debug|x64
		{F515083E-9B92-4857-9A49-7933DD9C2804}.Debug|x64.Build.0 = Debug|x64
		{F515083E-9B92-4857-9A49-7933DD9C2804}.Debug|x86.ActiveCfg = Debug|x86
		{F515083E-9B92-4857-9A49-7933DD9C2804}.Debug|x86.Build.0 = Debug|x86
		{F515083E-9B92-4857-9A49-7933DD9C2804}.Release|Any CPU.ActiveCfg = Release|Any CPU
		{F515083E-9B92-4857-9A49-7933DD9C2804}.Release|Any CPU.Build.0 = Release|Any CPU
		{F515083E-9B92-4857-9A49-7933DD9C2804}.Release|ARM.ActiveCfg = Release|ARM
		{F515083E-9B92-4857-9A49-7933DD9C2804}.Release|ARM.Build.0 = Release|ARM
		{F515083E-9B92-4857-9A49-7933DD9C2804}.Release|x64.ActiveCfg = Release|x64
		{F515083E-9B92-4857-9A49-7933DD9C2804}.Release|x64.Build.0 = Release|x64
		{F515083E-9B92-4857-9A49-7933DD9C2804}.Release|x86.ActiveCfg = Release|x86
		{F515083E-9B92-4857-9A49-7933DD9C2804}.Release|x86.Build.0 = Release|x86
		{B4D06DD3-1980-4F4E-9867-4E1625F8F14F}.Debug|Any CPU.ActiveCfg = Debug|Any CPU
		{B4D06DD3-1980-4F4E-9867-4E1625F8F14F}.Debug|Any CPU.Build.0 = Debug|Any CPU
		{B4D06DD3-1980-4F4E-9867-4E1625F8F14F}.Debug|ARM.ActiveCfg = Debug|ARM
		{B4D06DD3-1980-4F4E-9867-4E1625F8F14F}.Debug|ARM.Build.0 = Debug|ARM
		{B4D06DD3-1980-4F4E-9867-4E1625F8F14F}.Debug|x64.ActiveCfg = Debug|x64
		{B4D06DD3-1980-4F4E-9867-4E1625F8F14F}.Debug|x64.Build.0 = Debug|x64
		{B4D06DD3-1980-4F4E-9867-4E1625F8F14F}.Debug|x86.ActiveCfg = Debug|x86
		{B4D06DD3-1980-4F4E-9867-4E1625F8F14F}.Debug|x86.Build.0 = Debug|x86
		{B4D06DD3-1980-4F4E-9867-4E1625F8F14F}.Release|Any CPU.ActiveCfg = Release|Any CPU
		{B4D06DD3-1980-4F4E-9867-4E1625F8F14F}.Release|Any CPU.Build.0 = Release|Any CPU
		{B4D06DD3-1980-4F4E-9867-4E1625F8F14F}.Release|ARM.ActiveCfg = Release|ARM
		{B4D06DD3-1980-4F4E-9867-4E1625F8F14F}.Release|ARM.Build.0 = Release|ARM
		{B4D06DD3-1980-4F4E-9867-4E1625F8F14F}.Release|x64.ActiveCfg = Release|x64
		{B4D06DD3-1980-4F4E-9867-4E1625F8F14F}.Release|x64.Build.0 = Release|x64
		{B4D06DD3-1980-4F4E-9867-4E1625F8F14F}.Release|x86.ActiveCfg = Release|x86
		{B4D06DD3-1980-4F4E-9867-4E1625F8F14F}.Release|x86.Build.0 = Release|x86
	EndGlobalSection
	GlobalSection(SolutionProperties) = preSolution
		HideSolutionNode = FALSE
	EndGlobalSection
	GlobalSection(NestedProjects) = preSolution
		{6A6ABD82-C76B-4392-95B2-95EB64F628FD} = {C9A735DA-364C-41C7-A5DF-74A462178261}
		{F515083E-9B92-4857-9A49-7933DD9C2804} = {C9A735DA-364C-41C7-A5DF-74A462178261}
		{B4D06DD3-1980-4F4E-9867-4E1625F8F14F} = {C9A735DA-364C-41C7-A5DF-74A462178261}
	EndGlobalSection
EndGlobal
